
Microsoft Visual Studio Solution File, Format Version 11.00
# Visual Studio 2010
Project("{FAE04EC0-301F-11D3-BF4B-00C04F79EFBC}") = "Assembly-CSharp", "Assembly-CSharp.csproj", "{c92d07ff-cd79-b971-ee0b-1ed33751f9fe}"
EndProject
Project("{FAE04EC0-301F-11D3-BF4B-00C04F79EFBC}") = "Assembly-CSharp-Editor", "Assembly-CSharp-Editor.csproj", "{0e6462c6-0155-2869-dd50-db15e8fc8f48}"
EndProject
Global
	GlobalSection(SolutionConfigurationPlatforms) = preSolution
		Debug|Any CPU = Debug|Any CPU
	EndGlobalSection
	GlobalSection(ProjectConfigurationPlatforms) = postSolution
		{c92d07ff-cd79-b971-ee0b-1ed33751f9fe}.Debug|Any CPU.ActiveCfg = Debug|Any CPU
		{c92d07ff-cd79-b971-ee0b-1ed33751f9fe}.Debug|Any CPU.Build.0 = Debug|Any CPU
		{0e6462c6-0155-2869-dd50-db15e8fc8f48}.Debug|Any CPU.ActiveCfg = Debug|Any CPU
		{0e6462c6-0155-2869-dd50-db15e8fc8f48}.Debug|Any CPU.Build.0 = Debug|Any CPU
	EndGlobalSection
	GlobalSection(SolutionProperties) = preSolution
		HideSolutionNode = FALSE
	EndGlobalSection
EndGlobal
